
Microsoft Visual Studio Solution File, Format Version 12.00
# Visual Studio Version 17
VisualStudioVersion = 17.9.34728.123
MinimumVisualStudioVersion = 10.0.40219.1
Project("{2150E333-8FDC-42A3-9474-1A3956D46DE8}") = "Solution Items", "Solution Items", "{C83BBE35-1BFD-4F0E-9F89-05DA9C5FBBAF}"
	ProjectSection(SolutionItems) = preProject
		SqlQuery.sql = SqlQuery.sql
	EndProjectSection
EndProject
Project("{FAE04EC0-301F-11D3-BF4B-00C04F79EFBC}") = "PayrollUI", "PayrollUI\PayrollUI.csproj", "{AB6C6C99-9F90-4CAC-B96F-41677D2A2FBD}"
EndProject
Global
	GlobalSection(SolutionConfigurationPlatforms) = preSolution
		Debug|Any CPU = Debug|Any CPU
		Release|Any CPU = Release|Any CPU
	EndGlobalSection
	GlobalSection(ProjectConfigurationPlatforms) = postSolution
		{AB6C6C99-9F90-4CAC-B96F-41677D2A2FBD}.Debug|Any CPU.ActiveCfg = Debug|Any CPU
		{AB6C6C99-9F90-4CAC-B96F-41677D2A2FBD}.Debug|Any CPU.Build.0 = Debug|Any CPU
		{AB6C6C99-9F90-4CAC-B96F-41677D2A2FBD}.Release|Any CPU.ActiveCfg = Debug|Any CPU
		{AB6C6C99-9F90-4CAC-B96F-41677D2A2FBD}.Release|Any CPU.Build.0 = Debug|Any CPU
	EndGlobalSection
	GlobalSection(SolutionProperties) = preSolution
		HideSolutionNode = FALSE
	EndGlobalSection
	GlobalSection(NestedProjects) = preSolution
		{AB6C6C99-9F90-4CAC-B96F-41677D2A2FBD} = {C83BBE35-1BFD-4F0E-9F89-05DA9C5FBBAF}
	EndGlobalSection
	GlobalSection(ExtensibilityGlobals) = postSolution
		SolutionGuid = {478DAC45-EA75-430D-AD8B-5A7255B3B5AF}
	EndGlobalSection
EndGlobal
